// !$*UTF8*$!
{
	archiveVersion = 1;
	classes = {
	};
	objectVersion = 56;
	objects = {

/* Begin PBXBuildFile section */
		DC403D552FF9B59F00D408BE /* silence.caf in Resources */ = {isa = PBXBuildFile; fileRef = DC403D4D2FF9B59E00D408BE /* silence.caf */; };
		DC4F0BB43027DE2E00E781B6 /* ViewController.swift in Sources */ = {isa = PBXBuildFile; fileRef = DC4F0BB33027DE2E00E781B6 /* ViewController.swift */; };
		DC61BCE42FB90CE500179D2E /* AppDelegate.swift in Sources */ = {isa = PBXBuildFile; fileRef = DC61BCE32FB90CE500179D2E /* AppDelegate.swift */; };
		DC61BCEB2FB90CE500179D2E /* Main.storyboard in Resources */ = {isa = PBXBuildFile; fileRef = DC61BCE92FB90CE500179D2E /* Main.storyboard */; };
		DC61BCF02FB90CE700179D2E /* LaunchScreen.storyboard in Resources */ = {isa = PBXBuildFile; fileRef = DC61BCEE2FB90CE700179D2E /* LaunchScreen.storyboard */; };
		DC760F712FD6141E00FC5D0A /* fonts in Resources */ = {isa = PBXBuildFile; fileRef = DC760F6F2FD6141D00FC5D0A /* fonts */; };
		DC8DC2902FE5372A002D9A13 /* Media.xcassets in Resources */ = {isa = PBXBuildFile; fileRef = DC8DC28F2FE5372A002D9A13 /* Media.xcassets */; };
		DCB099CA2FF854F1009122CE /* quran-img in Resources */ = {isa = PBXBuildFile; fileRef = DCB099C92FF854ED009122CE /* quran-img */; };
		DCF6CEB230286E6700A71E54 /* Assets.xcassets in Resources */ = {isa = PBXBuildFile; fileRef = DCF6CEAF30286E6600A71E54 /* Assets.xcassets */; };
		DCF6CEB330286E6700A71E54 /* ALAEWidget.swift in Sources */ = {isa = PBXBuildFile; fileRef = DCF6CEB030286E6600A71E54 /* ALAEWidget.swift */; };
		DCF6CEB8302907DB00A71E54 /* react.development.js in Resources */ = {isa = PBXBuildFile; fileRef = DCF6CEB5302907D900A71E54 /* react.development.js */; };
		DCF6CEB9302907DB00A71E54 /* babel.min.js in Resources */ = {isa = PBXBuildFile; fileRef = DCF6CEB6302907DA00A71E54 /* babel.min.js */; };
		DCF6CEBA302907DB00A71E54 /* react-dom.development.js in Resources */ = {isa = PBXBuildFile; fileRef = DCF6CEB7302907DB00A71E54 /* react-dom.development.js */; };
		DCF6CEBD30290D6700A71E54 /* SceneDelegate.swift in Sources */ = {isa = PBXBuildFile; fileRef = DC61BCE52FB90CE500179D2E /* SceneDelegate.swift */; };
		DCF6CEBF3029127C00A71E54 /* Misbaha-Standalone.html in Resources */ = {isa = PBXBuildFile; fileRef = DCF6CEBE3029127C00A71E54 /* Misbaha-Standalone.html */; };
		DCF94B0D3020FC0E0093910E /* adhan-younes.mp3 in Resources */ = {isa = PBXBuildFile; fileRef = DCF94B013020FC0D0093910E /* adhan-younes.mp3 */; };
		DCF94B0E3020FC0E0093910E /* adhan-kouchi.mp3 in Resources */ = {isa = PBXBuildFile; fileRef = DCF94B023020FC0E0093910E /* adhan-kouchi.mp3 */; };
		DCF94B0F3020FC0E0093910E /* adhan-mecca-notif.caf in Resources */ = {isa = PBXBuildFile; fileRef = DCF94B033020FC0E0093910E /* adhan-mecca-notif.caf */; };
		DCF94B103020FC0E0093910E /* adhan-kouchi-notif.caf in Resources */ = {isa = PBXBuildFile; fileRef = DCF94B043020FC0E0093910E /* adhan-kouchi-notif.caf */; };
		DCF94B113020FC0E0093910E /* adhan-karaca.mp3 in Resources */ = {isa = PBXBuildFile; fileRef = DCF94B053020FC0E0093910E /* adhan-karaca.mp3 */; };
		DCF94B123020FC0E0093910E /* adhan-kzabri.mp3 in Resources */ = {isa = PBXBuildFile; fileRef = DCF94B063020FC0E0093910E /* adhan-kzabri.mp3 */; };
		DCF94B133020FC0E0093910E /* adhan-hadioui-notif.caf in Resources */ = {isa = PBXBuildFile; fileRef = DCF94B073020FC0E0093910E /* adhan-hadioui-notif.caf */; };
		DCF94B143020FC0E0093910E /* adhan-kzabri-notif.caf in Resources */ = {isa = PBXBuildFile; fileRef = DCF94B083020FC0E0093910E /* adhan-kzabri-notif.caf */; };
		DCF94B153020FC0E0093910E /* adhan-karaca-notif.caf in Resources */ = {isa = PBXBuildFile; fileRef = DCF94B093020FC0E0093910E /* adhan-karaca-notif.caf */; };
		DCF94B163020FC0E0093910E /* adhan-mecca.mp3 in Resources */ = {isa = PBXBuildFile; fileRef = DCF94B0A3020FC0E0093910E /* adhan-mecca.mp3 */; };
		DCF94B173020FC0E0093910E /* adhan-hadioui.mp3 in Resources */ = {isa = PBXBuildFile; fileRef = DCF94B0B3020FC0E0093910E /* adhan-hadioui.mp3 */; };
		DCF94B183020FC0E0093910E /* adhan-younes-notif.caf in Resources */ = {isa = PBXBuildFile; fileRef = DCF94B0C3020FC0E0093910E /* adhan-younes-notif.caf */; };
		DCF94B2A30212EC40093910E /* WidgetKit.framework in Frameworks */ = {isa = PBXBuildFile; fileRef = DCF94B2930212EC40093910E /* WidgetKit.framework */; };
		DCF94B2C30212EC40093910E /* SwiftUI.framework in Frameworks */ = {isa = PBXBuildFile; fileRef = DCF94B2B30212EC40093910E /* SwiftUI.framework */; };
		DCF94B3730212ECA0093910E /* ALAEWidgetExtension.appex in Embed Foundation Extensions */ = {isa = PBXBuildFile; fileRef = DCF94B2730212EC40093910E /* ALAEWidgetExtension.appex */; settings = {ATTRIBUTES = (RemoveHeadersOnCopy, ); }; };
/* End PBXBuildFile section */

/* Begin PBXContainerItemProxy section */
		DCF94B3530212ECA0093910E /* PBXContainerItemProxy */ = {
			isa = PBXContainerItemProxy;
			containerPortal = DC61BCD82FB90CE400179D2E /* Project object */;
			proxyType = 1;
			remoteGlobalIDString = DCF94B2630212EC40093910E;
			remoteInfo = ALAEWidgetExtension;
		};
/* End PBXContainerItemProxy section */

/* Begin PBXCopyFilesBuildPhase section */
		DCF94B3B30212ECA0093910E /* Embed Foundation Extensions */ = {
			isa = PBXCopyFilesBuildPhase;
			buildActionMask = 2147483647;
			dstPath = "";
			dstSubfolderSpec = 13;
			files = (
				DCF94B3730212ECA0093910E /* ALAEWidgetExtension.appex in Embed Foundation Extensions */,
			);
			name = "Embed Foundation Extensions";
			runOnlyForDeploymentPostprocessing = 0;
		};
/* End PBXCopyFilesBuildPhase section */

/* Begin PBXFileReference section */
		DC403D4D2FF9B59E00D408BE /* silence.caf */ = {isa = PBXFileReference; lastKnownFileType = file; path = silence.caf; sourceTree = "<group>"; };
		DC4F0BB33027DE2E00E781B6 /* ViewController.swift */ = {isa = PBXFileReference; fileEncoding = 4; lastKnownFileType = sourcecode.swift; path = ViewController.swift; sourceTree = "<group>"; };
		DC61BCE02FB90CE500179D2E /* ALAE.app */ = {isa = PBXFileReference; explicitFileType = wrapper.application; includeInIndex = 0; path = ALAE.app; sourceTree = BUILT_PRODUCTS_DIR; };
		DC61BCE32FB90CE500179D2E /* AppDelegate.swift */ = {isa = PBXFileReference; lastKnownFileType = sourcecode.swift; path = AppDelegate.swift; sourceTree = "<group>"; };
		DC61BCE52FB90CE500179D2E /* SceneDelegate.swift */ = {isa = PBXFileReference; lastKnownFileType = sourcecode.swift; path = SceneDelegate.swift; sourceTree = "<group>"; };
		DC61BCEA2FB90CE500179D2E /* Base */ = {isa = PBXFileReference; lastKnownFileType = file.storyboard; name = Base; path = Base.lproj/Main.storyboard; sourceTree = "<group>"; };
		DC61BCEF2FB90CE700179D2E /* Base */ = {isa = PBXFileReference; lastKnownFileType = file.storyboard; name = Base; path = Base.lproj/LaunchScreen.storyboard; sourceTree = "<group>"; };
		DC760F6F2FD6141D00FC5D0A /* fonts */ = {isa = PBXFileReference; lastKnownFileType = folder; path = fonts; sourceTree = "<group>"; };
		DC8DC28F2FE5372A002D9A13 /* Media.xcassets */ = {isa = PBXFileReference; lastKnownFileType = folder.assetcatalog; path = Media.xcassets; sourceTree = "<group>"; };
		DCB099C92FF854ED009122CE /* quran-img */ = {isa = PBXFileReference; lastKnownFileType = folder; path = "quran-img"; sourceTree = "<group>"; };
		DCF6CEAF30286E6600A71E54 /* Assets.xcassets */ = {isa = PBXFileReference; lastKnownFileType = folder.assetcatalog; path = Assets.xcassets; sourceTree = "<group>"; };
		DCF6CEB030286E6600A71E54 /* ALAEWidget.swift */ = {isa = PBXFileReference; fileEncoding = 4; lastKnownFileType = sourcecode.swift; path = ALAEWidget.swift; sourceTree = "<group>"; };
		DCF6CEB130286E6600A71E54 /* Info.plist */ = {isa = PBXFileReference; fileEncoding = 4; lastKnownFileType = text.plist.xml; path = Info.plist; sourceTree = "<group>"; };
		DCF6CEB5302907D900A71E54 /* react.development.js */ = {isa = PBXFileReference; fileEncoding = 4; lastKnownFileType = sourcecode.javascript; path = react.development.js; sourceTree = "<group>"; };
		DCF6CEB6302907DA00A71E54 /* babel.min.js */ = {isa = PBXFileReference; fileEncoding = 4; lastKnownFileType = sourcecode.javascript; path = babel.min.js; sourceTree = "<group>"; };
		DCF6CEB7302907DB00A71E54 /* react-dom.development.js */ = {isa = PBXFileReference; fileEncoding = 4; lastKnownFileType = sourcecode.javascript; path = "react-dom.development.js"; sourceTree = "<group>"; };
		DCF6CEBE3029127C00A71E54 /* Misbaha-Standalone.html */ = {isa = PBXFileReference; fileEncoding = 4; lastKnownFileType = text.html; path = "Misbaha-Standalone.html"; sourceTree = "<group>"; };
		DCF94B013020FC0D0093910E /* adhan-younes.mp3 */ = {isa = PBXFileReference; lastKnownFileType = audio.mp3; path = "adhan-younes.mp3"; sourceTree = "<group>"; };
		DCF94B023020FC0E0093910E /* adhan-kouchi.mp3 */ = {isa = PBXFileReference; lastKnownFileType = audio.mp3; path = "adhan-kouchi.mp3"; sourceTree = "<group>"; };
		DCF94B033020FC0E0093910E /* adhan-mecca-notif.caf */ = {isa = PBXFileReference; lastKnownFileType = file; path = "adhan-mecca-notif.caf"; sourceTree = "<group>"; };
		DCF94B043020FC0E0093910E /* adhan-kouchi-notif.caf */ = {isa = PBXFileReference; lastKnownFileType = file; path = "adhan-kouchi-notif.caf"; sourceTree = "<group>"; };
		DCF94B053020FC0E0093910E /* adhan-karaca.mp3 */ = {isa = PBXFileReference; lastKnownFileType = audio.mp3; path = "adhan-karaca.mp3"; sourceTree = "<group>"; };
		DCF94B063020FC0E0093910E /* adhan-kzabri.mp3 */ = {isa = PBXFileReference; lastKnownFileType = audio.mp3; path = "adhan-kzabri.mp3"; sourceTree = "<group>"; };
		DCF94B073020FC0E0093910E /* adhan-hadioui-notif.caf */ = {isa = PBXFileReference; lastKnownFileType = file; path = "adhan-hadioui-notif.caf"; sourceTree = "<group>"; };
		DCF94B083020FC0E0093910E /* adhan-kzabri-notif.caf */ = {isa = PBXFileReference; lastKnownFileType = file; path = "adhan-kzabri-notif.caf"; sourceTree = "<group>"; };
		DCF94B093020FC0E0093910E /* adhan-karaca-notif.caf */ = {isa = PBXFileReference; lastKnownFileType = file; path = "adhan-karaca-notif.caf"; sourceTree = "<group>"; };
		DCF94B0A3020FC0E0093910E /* adhan-mecca.mp3 */ = {isa = PBXFileReference; lastKnownFileType = audio.mp3; path = "adhan-mecca.mp3"; sourceTree = "<group>"; };
		DCF94B0B3020FC0E0093910E /* adhan-hadioui.mp3 */ = {isa = PBXFileReference; lastKnownFileType = audio.mp3; path = "adhan-hadioui.mp3"; sourceTree = "<group>"; };
		DCF94B0C3020FC0E0093910E /* adhan-younes-notif.caf */ = {isa = PBXFileReference; lastKnownFileType = file; path = "adhan-younes-notif.caf"; sourceTree = "<group>"; };
		DCF94B2730212EC40093910E /* ALAEWidgetExtension.appex */ = {isa = PBXFileReference; explicitFileType = "wrapper.app-extension"; includeInIndex = 0; path = ALAEWidgetExtension.appex; sourceTree = BUILT_PRODUCTS_DIR; };
		DCF94B2930212EC40093910E /* WidgetKit.framework */ = {isa = PBXFileReference; lastKnownFileType = wrapper.framework; name = WidgetKit.framework; path = System/Library/Frameworks/WidgetKit.framework; sourceTree = SDKROOT; };
		DCF94B2B30212EC40093910E /* SwiftUI.framework */ = {isa = PBXFileReference; lastKnownFileType = wrapper.framework; name = SwiftUI.framework; path = System/Library/Frameworks/SwiftUI.framework; sourceTree = SDKROOT; };
		DCF94B3230212ECA0093910E /* Assets.xcassets */ = {isa = PBXFileReference; lastKnownFileType = folder.assetcatalog; path = Assets.xcassets; sourceTree = "<group>"; };
		DCF94B3430212ECA0093910E /* Info.plist */ = {isa = PBXFileReference; lastKnownFileType = text.plist.xml; path = Info.plist; sourceTree = "<group>"; };
		DCF94B3C302136340093910E /* ALAE.entitlements */ = {isa = PBXFileReference; lastKnownFileType = text.plist.entitlements; path = ALAE.entitlements; sourceTree = "<group>"; };
		DCF94B3D302136D50093910E /* ALAEWidgetExtension.entitlements */ = {isa = PBXFileReference; lastKnownFileType = text.plist.entitlements; path = ALAEWidgetExtension.entitlements; sourceTree = "<group>"; };
/* End PBXFileReference section */

/* Begin PBXFrameworksBuildPhase section */
		DC61BCDD2FB90CE500179D2E /* Frameworks */ = {
			isa = PBXFrameworksBuildPhase;
			buildActionMask = 2147483647;
			files = (
			);
			runOnlyForDeploymentPostprocessing = 0;
		};
		DCF94B2430212EC40093910E /* Frameworks */ = {
			isa = PBXFrameworksBuildPhase;
			buildActionMask = 2147483647;
			files = (
				DCF94B2C30212EC40093910E /* SwiftUI.framework in Frameworks */,
				DCF94B2A30212EC40093910E /* WidgetKit.framework in Frameworks */,
			);
			runOnlyForDeploymentPostprocessing = 0;
		};
/* End PBXFrameworksBuildPhase section */

/* Begin PBXGroup section */
		DC61BCD72FB90CE400179D2E = {
			isa = PBXGroup;
			children = (
				DCF94B3D302136D50093910E /* ALAEWidgetExtension.entitlements */,
				DC61BCE22FB90CE500179D2E /* ALAE */,
				DC760F6F2FD6141D00FC5D0A /* fonts */,
				DCF94B2D30212EC40093910E /* ALAEWidget */,
				DCF94B2830212EC40093910E /* Frameworks */,
				DC61BCE12FB90CE500179D2E /* Products */,
			);
			sourceTree = "<group>";
		};
		DC61BCE12FB90CE500179D2E /* Products */ = {
			isa = PBXGroup;
			children = (
				DC61BCE02FB90CE500179D2E /* ALAE.app */,
				DCF94B2730212EC40093910E /* ALAEWidgetExtension.appex */,
			);
			name = Products;
			sourceTree = "<group>";
		};
		DC61BCE22FB90CE500179D2E /* ALAE */ = {
			isa = PBXGroup;
			children = (
				DCF6CEBE3029127C00A71E54 /* Misbaha-Standalone.html */,
				DCF6CEB6302907DA00A71E54 /* babel.min.js */,
				DCF6CEB7302907DB00A71E54 /* react-dom.development.js */,
				DCF6CEB5302907D900A71E54 /* react.development.js */,
				DCF94B3C302136340093910E /* ALAE.entitlements */,
				DCF94B073020FC0E0093910E /* adhan-hadioui-notif.caf */,
				DCF94B0B3020FC0E0093910E /* adhan-hadioui.mp3 */,
				DCF94B093020FC0E0093910E /* adhan-karaca-notif.caf */,
				DCF94B053020FC0E0093910E /* adhan-karaca.mp3 */,
				DCF94B043020FC0E0093910E /* adhan-kouchi-notif.caf */,
				DCF94B023020FC0E0093910E /* adhan-kouchi.mp3 */,
				DCF94B083020FC0E0093910E /* adhan-kzabri-notif.caf */,
				DCF94B063020FC0E0093910E /* adhan-kzabri.mp3 */,
				DCF94B033020FC0E0093910E /* adhan-mecca-notif.caf */,
				DCF94B0A3020FC0E0093910E /* adhan-mecca.mp3 */,
				DCF94B0C3020FC0E0093910E /* adhan-younes-notif.caf */,
				DCF94B013020FC0D0093910E /* adhan-younes.mp3 */,
				DCB099C92FF854ED009122CE /* quran-img */,
				DC403D4D2FF9B59E00D408BE /* silence.caf */,
				DC61BCE32FB90CE500179D2E /* AppDelegate.swift */,
				DC4F0BB33027DE2E00E781B6 /* ViewController.swift */,
				DC61BCE52FB90CE500179D2E /* SceneDelegate.swift */,
				DC8DC28F2FE5372A002D9A13 /* Media.xcassets */,
				DC61BCE92FB90CE500179D2E /* Main.storyboard */,
				DC61BCEE2FB90CE700179D2E /* LaunchScreen.storyboard */,
			);
			path = ALAE;
			sourceTree = "<group>";
		};
		DCF6CEAE30286E6600A71E54 /* ALAEWidget */ = {
			isa = PBXGroup;
			children = (
				DCF6CEAF30286E6600A71E54 /* Assets.xcassets */,
				DCF6CEB030286E6600A71E54 /* ALAEWidget.swift */,
				DCF6CEB130286E6600A71E54 /* Info.plist */,
			);
			name = ALAEWidget;
			sourceTree = "<group>";
		};
		DCF94B2830212EC40093910E /* Frameworks */ = {
			isa = PBXGroup;
			children = (
				DCF94B2930212EC40093910E /* WidgetKit.framework */,
				DCF94B2B30212EC40093910E /* SwiftUI.framework */,
			);
			name = Frameworks;
			sourceTree = "<group>";
		};
		DCF94B2D30212EC40093910E /* ALAEWidget */ = {
			isa = PBXGroup;
			children = (
				DCF6CEAE30286E6600A71E54 /* ALAEWidget */,
				DCF94B3230212ECA0093910E /* Assets.xcassets */,
				DCF94B3430212ECA0093910E /* Info.plist */,
			);
			path = ALAEWidget;
			sourceTree = "<group>";
		};
/* End PBXGroup section */

/* Begin PBXNativeTarget section */
		DC61BCDF2FB90CE500179D2E /* ALAE */ = {
			isa = PBXNativeTarget;
			buildConfigurationList = DC61BCF42FB90CE700179D2E /* Build configuration list for PBXNativeTarget "ALAE" */;
			buildPhases = (
				DC61BCDC2FB90CE500179D2E /* Sources */,
				DC61BCDD2FB90CE500179D2E /* Frameworks */,
				DC61BCDE2FB90CE500179D2E /* Resources */,
				DCF94B3B30212ECA0093910E /* Embed Foundation Extensions */,
			);
			buildRules = (
			);
			dependencies = (
				DCF94B3630212ECA0093910E /* PBXTargetDependency */,
			);
			name = ALAE;
			productName = ALAE;
			productReference = DC61BCE02FB90CE500179D2E /* ALAE.app */;
			productType = "com.apple.product-type.application";
		};
		DCF94B2630212EC40093910E /* ALAEWidgetExtension */ = {
			isa = PBXNativeTarget;
			buildConfigurationList = DCF94B3830212ECA0093910E /* Build configuration list for PBXNativeTarget "ALAEWidgetExtension" */;
			buildPhases = (
				DCF94B2330212EC40093910E /* Sources */,
				DCF94B2430212EC40093910E /* Frameworks */,
				DCF94B2530212EC40093910E /* Resources */,
			);
			buildRules = (
			);
			dependencies = (
			);
			name = ALAEWidgetExtension;
			productName = ALAEWidgetExtension;
			productReference = DCF94B2730212EC40093910E /* ALAEWidgetExtension.appex */;
			productType = "com.apple.product-type.app-extension";
		};
/* End PBXNativeTarget section */

/* Begin PBXProject section */
		DC61BCD82FB90CE400179D2E /* Project object */ = {
			isa = PBXProject;
			attributes = {
				BuildIndependentTargetsInParallel = 1;
				LastSwiftUpdateCheck = 1420;
				LastUpgradeCheck = 1420;
				TargetAttributes = {
					DC61BCDF2FB90CE500179D2E = {
						CreatedOnToolsVersion = 14.2;
					};
					DCF94B2630212EC40093910E = {
						CreatedOnToolsVersion = 14.2;
					};
				};
			};
			buildConfigurationList = DC61BCDB2FB90CE400179D2E /* Build configuration list for PBXProject "ALAE" */;
			compatibilityVersion = "Xcode 14.0";
			developmentRegion = en;
			hasScannedForEncodings = 0;
			knownRegions = (
				en,
				Base,
			);
			mainGroup = DC61BCD72FB90CE400179D2E;
			productRefGroup = DC61BCE12FB90CE500179D2E /* Products */;
			projectDirPath = "";
			projectRoot = "";
			targets = (
				DC61BCDF2FB90CE500179D2E /* ALAE */,
				DCF94B2630212EC40093910E /* ALAEWidgetExtension */,
			);
		};
/* End PBXProject section */

/* Begin PBXResourcesBuildPhase section */
		DC61BCDE2FB90CE500179D2E /* Resources */ = {
			isa = PBXResourcesBuildPhase;
			buildActionMask = 2147483647;
			files = (
				DCF94B143020FC0E0093910E /* adhan-kzabri-notif.caf in Resources */,
				DC403D552FF9B59F00D408BE /* silence.caf in Resources */,
				DCF94B0F3020FC0E0093910E /* adhan-mecca-notif.caf in Resources */,
				DCF94B0E3020FC0E0093910E /* adhan-kouchi.mp3 in Resources */,
				DCF94B183020FC0E0093910E /* adhan-younes-notif.caf in Resources */,
				DCF94B0D3020FC0E0093910E /* adhan-younes.mp3 in Resources */,
				DCF6CEB8302907DB00A71E54 /* react.development.js in Resources */,
				DC61BCF02FB90CE700179D2E /* LaunchScreen.storyboard in Resources */,
				DCF6CEB9302907DB00A71E54 /* babel.min.js in Resources */,
				DCF6CEBF3029127C00A71E54 /* Misbaha-Standalone.html in Resources */,
				DCF94B153020FC0E0093910E /* adhan-karaca-notif.caf in Resources */,
				DC8DC2902FE5372A002D9A13 /* Media.xcassets in Resources */,
				DCF6CEBA302907DB00A71E54 /* react-dom.development.js in Resources */,
				DCB099CA2FF854F1009122CE /* quran-img in Resources */,
				DCF94B133020FC0E0093910E /* adhan-hadioui-notif.caf in Resources */,
				DCF94B173020FC0E0093910E /* adhan-hadioui.mp3 in Resources */,
				DC760F712FD6141E00FC5D0A /* fonts in Resources */,
				DCF94B163020FC0E0093910E /* adhan-mecca.mp3 in Resources */,
				DC61BCEB2FB90CE500179D2E /* Main.storyboard in Resources */,
				DCF94B113020FC0E0093910E /* adhan-karaca.mp3 in Resources */,
				DCF94B103020FC0E0093910E /* adhan-kouchi-notif.caf in Resources */,
				DCF94B123020FC0E0093910E /* adhan-kzabri.mp3 in Resources */,
			);
			runOnlyForDeploymentPostprocessing = 0;
		};
		DCF94B2530212EC40093910E /* Resources */ = {
			isa = PBXResourcesBuildPhase;
			buildActionMask = 2147483647;
			files = (
				DCF6CEB230286E6700A71E54 /* Assets.xcassets in Resources */,
			);
			runOnlyForDeploymentPostprocessing = 0;
		};
/* End PBXResourcesBuildPhase section */

/* Begin PBXSourcesBuildPhase section */
		DC61BCDC2FB90CE500179D2E /* Sources */ = {
			isa = PBXSourcesBuildPhase;
			buildActionMask = 2147483647;
			files = (
				DC4F0BB43027DE2E00E781B6 /* ViewController.swift in Sources */,
				DC61BCE42FB90CE500179D2E /* AppDelegate.swift in Sources */,
				DCF6CEBD30290D6700A71E54 /* SceneDelegate.swift in Sources */,
			);
			runOnlyForDeploymentPostprocessing = 0;
		};
		DCF94B2330212EC40093910E /* Sources */ = {
			isa = PBXSourcesBuildPhase;
			buildActionMask = 2147483647;
			files = (
				DCF6CEB330286E6700A71E54 /* ALAEWidget.swift in Sources */,
			);
			runOnlyForDeploymentPostprocessing = 0;
		};
/* End PBXSourcesBuildPhase section */

/* Begin PBXTargetDependency section */
		DCF94B3630212ECA0093910E /* PBXTargetDependency */ = {
			isa = PBXTargetDependency;
			target = DCF94B2630212EC40093910E /* ALAEWidgetExtension */;
			targetProxy = DCF94B3530212ECA0093910E /* PBXContainerItemProxy */;
		};
/* End PBXTargetDependency section */

/* Begin PBXVariantGroup section */
		DC61BCE92FB90CE500179D2E /* Main.storyboard */ = {
			isa = PBXVariantGroup;
			children = (
				DC61BCEA2FB90CE500179D2E /* Base */,
			);
			name = Main.storyboard;
			sourceTree = "<group>";
		};
		DC61BCEE2FB90CE700179D2E /* LaunchScreen.storyboard */ = {
			isa = PBXVariantGroup;
			children = (
				DC61BCEF2FB90CE700179D2E /* Base */,
			);
			name = LaunchScreen.storyboard;
			sourceTree = "<group>";
		};
/* End PBXVariantGroup section */

/* Begin XCBuildConfiguration section */
		DC61BCF22FB90CE700179D2E /* Debug */ = {
			isa = XCBuildConfiguration;
			buildSettings = {
				ALWAYS_SEARCH_USER_PATHS = NO;
				CLANG_ANALYZER_NONNULL = YES;
				CLANG_ANALYZER_NUMBER_OBJECT_CONVERSION = YES_AGGRESSIVE;
				CLANG_CXX_LANGUAGE_STANDARD = "gnu++20";
				CLANG_ENABLE_MODULES = YES;
				CLANG_ENABLE_OBJC_ARC = YES;
				CLANG_ENABLE_OBJC_WEAK = YES;
				CLANG_WARN_BLOCK_CAPTURE_AUTORELEASING = YES;
				CLANG_WARN_BOOL_CONVERSION = YES;
				CLANG_WARN_COMMA = YES;
				CLANG_WARN_CONSTANT_CONVERSION = YES;
				CLANG_WARN_DEPRECATED_OBJC_IMPLEMENTATIONS = YES;
				CLANG_WARN_DIRECT_OBJC_ISA_USAGE = YES_ERROR;
				CLANG_WARN_DOCUMENTATION_COMMENTS = YES;
				CLANG_WARN_EMPTY_BODY = YES;
				CLANG_WARN_ENUM_CONVERSION = YES;
				CLANG_WARN_INFINITE_RECURSION = YES;
				CLANG_WARN_INT_CONVERSION = YES;
				CLANG_WARN_NON_LITERAL_NULL_CONVERSION = YES;
				CLANG_WARN_OBJC_IMPLICIT_RETAIN_SELF = YES;
				CLANG_WARN_OBJC_LITERAL_CONVERSION = YES;
				CLANG_WARN_OBJC_ROOT_CLASS = YES_ERROR;
				CLANG_WARN_QUOTED_INCLUDE_IN_FRAMEWORK_HEADER = YES;
				CLANG_WARN_RANGE_LOOP_ANALYSIS = YES;
				CLANG_WARN_STRICT_PROTOTYPES = YES;
				CLANG_WARN_SUSPICIOUS_MOVE = YES;
				CLANG_WARN_UNGUARDED_AVAILABILITY = YES_AGGRESSIVE;
				CLANG_WARN_UNREACHABLE_CODE = YES;
				CLANG_WARN__DUPLICATE_METHOD_MATCH = YES;
				COPY_PHASE_STRIP = NO;
				DEBUG_INFORMATION_FORMAT = dwarf;
				ENABLE_STRICT_OBJC_MSGSEND = YES;
				ENABLE_TESTABILITY = YES;
				GCC_C_LANGUAGE_STANDARD = gnu11;
				GCC_DYNAMIC_NO_PIC = NO;
				GCC_NO_COMMON_BLOCKS = YES;
				GCC_OPTIMIZATION_LEVEL = 0;
				GCC_PREPROCESSOR_DEFINITIONS = (
					"DEBUG=1",
					"$(inherited)",
				);
				GCC_WARN_64_TO_32_BIT_CONVERSION = YES;
				GCC_WARN_ABOUT_RETURN_TYPE = YES_ERROR;
				GCC_WARN_UNDECLARED_SELECTOR = YES;
				GCC_WARN_UNINITIALIZED_AUTOS = YES_AGGRESSIVE;
				GCC_WARN_UNUSED_FUNCTION = YES;
				GCC_WARN_UNUSED_VARIABLE = YES;
				IPHONEOS_DEPLOYMENT_TARGET = 16.2;
				MTL_ENABLE_DEBUG_INFO = INCLUDE_SOURCE;
				MTL_FAST_MATH = YES;
				ONLY_ACTIVE_ARCH = YES;
				SDKROOT = iphoneos;
				SWIFT_ACTIVE_COMPILATION_CONDITIONS = DEBUG;
				SWIFT_OPTIMIZATION_LEVEL = "-Onone";
			};
			name = Debug;
		};
		DC61BCF32FB90CE700179D2E /* Release */ = {
			isa = XCBuildConfiguration;
			buildSettings = {
				ALWAYS_SEARCH_USER_PATHS = NO;
				CLANG_ANALYZER_NONNULL = YES;
				CLANG_ANALYZER_NUMBER_OBJECT_CONVERSION = YES_AGGRESSIVE;
				CLANG_CXX_LANGUAGE_STANDARD = "gnu++20";
				CLANG_ENABLE_MODULES = YES;
				CLANG_ENABLE_OBJC_ARC = YES;
				CLANG_ENABLE_OBJC_WEAK = YES;
				CLANG_WARN_BLOCK_CAPTURE_AUTORELEASING = YES;
				CLANG_WARN_BOOL_CONVERSION = YES;
				CLANG_WARN_COMMA = YES;
				CLANG_WARN_CONSTANT_CONVERSION = YES;
				CLANG_WARN_DEPRECATED_OBJC_IMPLEMENTATIONS = YES;
				CLANG_WARN_DIRECT_OBJC_ISA_USAGE = YES_ERROR;
				CLANG_WARN_DOCUMENTATION_COMMENTS = YES;
				CLANG_WARN_EMPTY_BODY = YES;
				CLANG_WARN_ENUM_CONVERSION = YES;
				CLANG_WARN_INFINITE_RECURSION = YES;
				CLANG_WARN_INT_CONVERSION = YES;
				CLANG_WARN_NON_LITERAL_NULL_CONVERSION = YES;
				CLANG_WARN_OBJC_IMPLICIT_RETAIN_SELF = YES;
				CLANG_WARN_OBJC_LITERAL_CONVERSION = YES;
				CLANG_WARN_OBJC_ROOT_CLASS = YES_ERROR;
				CLANG_WARN_QUOTED_INCLUDE_IN_FRAMEWORK_HEADER = YES;
				CLANG_WARN_RANGE_LOOP_ANALYSIS = YES;
				CLANG_WARN_STRICT_PROTOTYPES = YES;
				CLANG_WARN_SUSPICIOUS_MOVE = YES;
				CLANG_WARN_UNGUARDED_AVAILABILITY = YES_AGGRESSIVE;
				CLANG_WARN_UNREACHABLE_CODE = YES;
				CLANG_WARN__DUPLICATE_METHOD_MATCH = YES;
				COPY_PHASE_STRIP = NO;
				DEBUG_INFORMATION_FORMAT = "dwarf-with-dsym";
				ENABLE_NS_ASSERTIONS = NO;
				ENABLE_STRICT_OBJC_MSGSEND = YES;
				GCC_C_LANGUAGE_STANDARD = gnu11;
				GCC_NO_COMMON_BLOCKS = YES;
				GCC_WARN_64_TO_32_BIT_CONVERSION = YES;
				GCC_WARN_ABOUT_RETURN_TYPE = YES_ERROR;
				GCC_WARN_UNDECLARED_SELECTOR = YES;
				GCC_WARN_UNINITIALIZED_AUTOS = YES_AGGRESSIVE;
				GCC_WARN_UNUSED_FUNCTION = YES;
				GCC_WARN_UNUSED_VARIABLE = YES;
				IPHONEOS_DEPLOYMENT_TARGET = 16.2;
				MTL_ENABLE_DEBUG_INFO = NO;
				MTL_FAST_MATH = YES;
				SDKROOT = iphoneos;
				SWIFT_COMPILATION_MODE = wholemodule;
				SWIFT_OPTIMIZATION_LEVEL = "-O";
				VALIDATE_PRODUCT = YES;
			};
			name = Release;
		};
		DC61BCF52FB90CE700179D2E /* Debug */ = {
			isa = XCBuildConfiguration;
			buildSettings = {
				ALWAYS_EMBED_SWIFT_STANDARD_LIBRARIES = YES;
				ASSETCATALOG_COMPILER_APPICON_NAME = AppIcon;
				ASSETCATALOG_COMPILER_GLOBAL_ACCENT_COLOR_NAME = AccentColor;
				ASSETCATALOG_COMPILER_INCLUDE_ALL_APPICON_ASSETS = NO;
				CODE_SIGN_ENTITLEMENTS = ALAE/ALAE.entitlements;
				CODE_SIGN_STYLE = Automatic;
				CURRENT_PROJECT_VERSION = 74;
				DEVELOPMENT_TEAM = NUD4HZ572C;
				GENERATE_INFOPLIST_FILE = YES;
				INFOPLIST_FILE = ALAE/Info.plist;
				INFOPLIST_KEY_CFBundleDisplayName = Alae;
				INFOPLIST_KEY_LSApplicationCategoryType = "";
				INFOPLIST_KEY_NSLocationWhenInUseUsageDescription = "Pour afficher les horaires de prière exacts et la direction de la Qibla selon votre position.\nPour afficher les horaires de prière exacts et la direction de la Qibla selon votre position.";
				INFOPLIST_KEY_NSMotionUsageDescription = "Pour vous orienter vers la Qibla grâce à la boussole de votre iPhone.";
				INFOPLIST_KEY_UIApplicationSupportsIndirectInputEvents = YES;
				INFOPLIST_KEY_UILaunchStoryboardName = l;
				INFOPLIST_KEY_UIMainStoryboardFile = Main;
				INFOPLIST_KEY_UISupportedInterfaceOrientations = UIInterfaceOrientationPortrait;
				IPHONEOS_DEPLOYMENT_TARGET = 16.1;
				LD_RUNPATH_SEARCH_PATHS = (
					"$(inherited)",
					"@executable_path/Frameworks",
				);
				MARKETING_VERSION = 1.0.7;
				PRODUCT_BUNDLE_IDENTIFIER = com.alae.misbaha.ALAE;
				PRODUCT_NAME = "$(TARGET_NAME)";
				SWIFT_EMIT_LOC_STRINGS = YES;
				SWIFT_VERSION = 5.0;
				TARGETED_DEVICE_FAMILY = "1,2";
			};
			name = Debug;
		};
		DC61BCF62FB90CE700179D2E /* Release */ = {
			isa = XCBuildConfiguration;
			buildSettings = {
				ALWAYS_EMBED_SWIFT_STANDARD_LIBRARIES = YES;
				ASSETCATALOG_COMPILER_APPICON_NAME = AppIcon;
				ASSETCATALOG_COMPILER_GLOBAL_ACCENT_COLOR_NAME = AccentColor;
				ASSETCATALOG_COMPILER_INCLUDE_ALL_APPICON_ASSETS = NO;
				CODE_SIGN_ENTITLEMENTS = ALAE/ALAE.entitlements;
				CODE_SIGN_STYLE = Automatic;
				CURRENT_PROJECT_VERSION = 74;
				DEVELOPMENT_TEAM = NUD4HZ572C;
				GENERATE_INFOPLIST_FILE = YES;
				INFOPLIST_FILE = ALAE/Info.plist;
				INFOPLIST_KEY_CFBundleDisplayName = Alae;
				INFOPLIST_KEY_LSApplicationCategoryType = "";
				INFOPLIST_KEY_NSLocationWhenInUseUsageDescription = "Pour afficher les horaires de prière exacts et la direction de la Qibla selon votre position.\nPour afficher les horaires de prière exacts et la direction de la Qibla selon votre position.";
				INFOPLIST_KEY_NSMotionUsageDescription = "Pour vous orienter vers la Qibla grâce à la boussole de votre iPhone.";
				INFOPLIST_KEY_UIApplicationSupportsIndirectInputEvents = YES;
				INFOPLIST_KEY_UILaunchStoryboardName = l;
				INFOPLIST_KEY_UIMainStoryboardFile = Main;
				INFOPLIST_KEY_UISupportedInterfaceOrientations = UIInterfaceOrientationPortrait;
				IPHONEOS_DEPLOYMENT_TARGET = 16.1;
				LD_RUNPATH_SEARCH_PATHS = (
					"$(inherited)",
					"@executable_path/Frameworks",
				);
				MARKETING_VERSION = 1.0.7;
				PRODUCT_BUNDLE_IDENTIFIER = com.alae.misbaha.ALAE;
				PRODUCT_NAME = "$(TARGET_NAME)";
				SWIFT_EMIT_LOC_STRINGS = YES;
				SWIFT_VERSION = 5.0;
				TARGETED_DEVICE_FAMILY = "1,2";
			};
			name = Release;
		};
		DCF94B3930212ECA0093910E /* Debug */ = {
			isa = XCBuildConfiguration;
			buildSettings = {
				ASSETCATALOG_COMPILER_GLOBAL_ACCENT_COLOR_NAME = AccentColor;
				ASSETCATALOG_COMPILER_WIDGET_BACKGROUND_COLOR_NAME = WidgetBackground;
				CODE_SIGN_ENTITLEMENTS = ALAEWidgetExtension.entitlements;
				CODE_SIGN_STYLE = Automatic;
				CURRENT_PROJECT_VERSION = 74;
				DEVELOPMENT_TEAM = NUD4HZ572C;
				GENERATE_INFOPLIST_FILE = YES;
				INFOPLIST_FILE = ALAEWidget/Info.plist;
				INFOPLIST_KEY_CFBundleDisplayName = ALAEWidget;
				INFOPLIST_KEY_NSHumanReadableCopyright = "";
				LD_RUNPATH_SEARCH_PATHS = (
					"$(inherited)",
					"@executable_path/Frameworks",
					"@executable_path/../../Frameworks",
				);
				MARKETING_VERSION = 1.0.5;
				PRODUCT_BUNDLE_IDENTIFIER = com.alae.misbaha.ALAE.ALAEWidget;
				PRODUCT_NAME = "$(TARGET_NAME)";
				SKIP_INSTALL = YES;
				SWIFT_EMIT_LOC_STRINGS = YES;
				SWIFT_VERSION = 5.0;
				TARGETED_DEVICE_FAMILY = "1,2";
			};
			name = Debug;
		};
		DCF94B3A30212ECA0093910E /* Release */ = {
			isa = XCBuildConfiguration;
			buildSettings = {
				ASSETCATALOG_COMPILER_GLOBAL_ACCENT_COLOR_NAME = AccentColor;
				ASSETCATALOG_COMPILER_WIDGET_BACKGROUND_COLOR_NAME = WidgetBackground;
				CODE_SIGN_ENTITLEMENTS = ALAEWidgetExtension.entitlements;
				CODE_SIGN_STYLE = Automatic;
				CURRENT_PROJECT_VERSION = 74;
				DEVELOPMENT_TEAM = NUD4HZ572C;
				GENERATE_INFOPLIST_FILE = YES;
				INFOPLIST_FILE = ALAEWidget/Info.plist;
				INFOPLIST_KEY_CFBundleDisplayName = ALAEWidget;
				INFOPLIST_KEY_NSHumanReadableCopyright = "";
				LD_RUNPATH_SEARCH_PATHS = (
					"$(inherited)",
					"@executable_path/Frameworks",
					"@executable_path/../../Frameworks",
				);
				MARKETING_VERSION = 1.0.5;
				PRODUCT_BUNDLE_IDENTIFIER = com.alae.misbaha.ALAE.ALAEWidget;
				PRODUCT_NAME = "$(TARGET_NAME)";
				SKIP_INSTALL = YES;
				SWIFT_EMIT_LOC_STRINGS = YES;
				SWIFT_VERSION = 5.0;
				TARGETED_DEVICE_FAMILY = "1,2";
			};
			name = Release;
		};
/* End XCBuildConfiguration section */

/* Begin XCConfigurationList section */
		DC61BCDB2FB90CE400179D2E /* Build configuration list for PBXProject "ALAE" */ = {
			isa = XCConfigurationList;
			buildConfigurations = (
				DC61BCF22FB90CE700179D2E /* Debug */,
				DC61BCF32FB90CE700179D2E /* Release */,
			);
			defaultConfigurationIsVisible = 0;
			defaultConfigurationName = Release;
		};
		DC61BCF42FB90CE700179D2E /* Build configuration list for PBXNativeTarget "ALAE" */ = {
			isa = XCConfigurationList;
			buildConfigurations = (
				DC61BCF52FB90CE700179D2E /* Debug */,
				DC61BCF62FB90CE700179D2E /* Release */,
			);
			defaultConfigurationIsVisible = 0;
			defaultConfigurationName = Release;
		};
		DCF94B3830212ECA0093910E /* Build configuration list for PBXNativeTarget "ALAEWidgetExtension" */ = {
			isa = XCConfigurationList;
			buildConfigurations = (
				DCF94B3930212ECA0093910E /* Debug */,
				DCF94B3A30212ECA0093910E /* Release */,
			);
			defaultConfigurationIsVisible = 0;
			defaultConfigurationName = Release;
		};
/* End XCConfigurationList section */
	};
	rootObject = DC61BCD82FB90CE400179D2E /* Project object */;
}
