// !$*UTF8*$!
{
	archiveVersion = 1;
	classes = {
	};
	objectVersion = 56;
	objects = {

/* Begin PBXBuildFile section */
		DC101826302E7C5500C4F0AE /* fonts in Resources */ = {isa = PBXBuildFile; fileRef = DC760F6F2FD6141D00FC5D0A /* fonts */; };
		DC2C9F1A3037B5FF006CFAFF /* ScheherazadeNew-Regular.ttf in Resources */ = {isa = PBXBuildFile; fileRef = DCAD7F5C302CF8BB00069F6E /* ScheherazadeNew-Regular.ttf */; };
		DC2C9F1C3038EBCA006CFAFF /* Misbaha-Standalone.html in Resources */ = {isa = PBXBuildFile; fileRef = DC2C9F1B3038EBCA006CFAFF /* Misbaha-Standalone.html */; };
		DC403D552FF9B59F00D408BE /* silence.caf in Resources */ = {isa = PBXBuildFile; fileRef = DC403D4D2FF9B59E00D408BE /* silence.caf */; };
		DC40D227302D28C30067FAE9 /* ALAEWidget2.swift in Sources */ = {isa = PBXBuildFile; fileRef = DC40D225302D28A50067FAE9 /* ALAEWidget2.swift */; };
		DC61BCE42FB90CE500179D2E /* AppDelegate.swift in Sources */ = {isa = PBXBuildFile; fileRef = DC61BCE32FB90CE500179D2E /* AppDelegate.swift */; };
		DC61BCEB2FB90CE500179D2E /* Main.storyboard in Resources */ = {isa = PBXBuildFile; fileRef = DC61BCE92FB90CE500179D2E /* Main.storyboard */; };
		DC61BCF02FB90CE700179D2E /* LaunchScreen.storyboard in Resources */ = {isa = PBXBuildFile; fileRef = DC61BCEE2FB90CE700179D2E /* LaunchScreen.storyboard */; };
		DC6622DD303388EC00C01655 /* Amiri-Regular.ttf in Resources */ = {isa = PBXBuildFile; fileRef = DC6622DC303388EB00C01655 /* Amiri-Regular.ttf */; };
		DC6622DF30338E9E00C01655 /* ArefRuqaa-Regular.ttf in Resources */ = {isa = PBXBuildFile; fileRef = DC6622DE30338E9E00C01655 /* ArefRuqaa-Regular.ttf */; };
		DC6622E23033A0B100C01655 /* CormorantGaramond-VariableFont_wght.ttf in Resources */ = {isa = PBXBuildFile; fileRef = DC6622E03033A0B100C01655 /* CormorantGaramond-VariableFont_wght.ttf */; };
		DC6622E33033A0B100C01655 /* CormorantGaramond-Italic-VariableFont_wght.ttf in Resources */ = {isa = PBXBuildFile; fileRef = DC6622E13033A0B100C01655 /* CormorantGaramond-Italic-VariableFont_wght.ttf */; };
		DC6622E53033A0CB00C01655 /* CormorantGaramond-Regular.ttf in Resources */ = {isa = PBXBuildFile; fileRef = DC6622E43033A0CB00C01655 /* CormorantGaramond-Regular.ttf */; };
		DC6622E73033A0DE00C01655 /* DMSerifDisplay-Regular.ttf in Resources */ = {isa = PBXBuildFile; fileRef = DC6622E63033A0DE00C01655 /* DMSerifDisplay-Regular.ttf */; };
		DC6622EB3033A16800C01655 /* ArefRuqaa-Bold.ttf in Resources */ = {isa = PBXBuildFile; fileRef = DC6622EA3033A16800C01655 /* ArefRuqaa-Bold.ttf */; };
		DC760F712FD6141E00FC5D0A /* fonts in Resources */ = {isa = PBXBuildFile; fileRef = DC760F6F2FD6141D00FC5D0A /* fonts */; };
		DC7BFD31303A31C200411212 /* ViewController.swift in Sources */ = {isa = PBXBuildFile; fileRef = DC7BFD30303A31C200411212 /* ViewController.swift */; };
		DC7BFD33303B7CB500411212 /* Assets.xcassets in Resources */ = {isa = PBXBuildFile; fileRef = DCAD7F4E302BE2EC00069F6E /* Assets.xcassets */; };
		DC7BFD35303B8D5900411212 /* assets in Resources */ = {isa = PBXBuildFile; fileRef = DC7BFD34303B8D5900411212 /* assets */; };
		DCACFC3B3030708800D430B1 /* CormorantGaramond-Medium.ttf in Resources */ = {isa = PBXBuildFile; fileRef = DCACFC3A3030708700D430B1 /* CormorantGaramond-Medium.ttf */; };
		DCAD7F47302BE2E900069F6E /* WidgetKit.framework in Frameworks */ = {isa = PBXBuildFile; fileRef = DCF94B2930212EC40093910E /* WidgetKit.framework */; };
		DCAD7F48302BE2E900069F6E /* SwiftUI.framework in Frameworks */ = {isa = PBXBuildFile; fileRef = DCF94B2B30212EC40093910E /* SwiftUI.framework */; };
		DCAD7F4B302BE2E900069F6E /* ALAEWidget2Bundle.swift in Sources */ = {isa = PBXBuildFile; fileRef = DCAD7F4A302BE2E900069F6E /* ALAEWidget2Bundle.swift */; };
		DCAD7F4F302BE2EC00069F6E /* Assets.xcassets in Resources */ = {isa = PBXBuildFile; fileRef = DCAD7F4E302BE2EC00069F6E /* Assets.xcassets */; };
		DCAD7F53302BE2ED00069F6E /* ALAEWidget2Extension.appex in Embed Foundation Extensions */ = {isa = PBXBuildFile; fileRef = DCAD7F46302BE2E900069F6E /* ALAEWidget2Extension.appex */; settings = {ATTRIBUTES = (RemoveHeadersOnCopy, ); }; };
		DCAEDD37303239AA002284C8 /* Amiri-Bold.ttf in Resources */ = {isa = PBXBuildFile; fileRef = DCAEDD36303239AA002284C8 /* Amiri-Bold.ttf */; };
		DCB099CA2FF854F1009122CE /* quran-img in Resources */ = {isa = PBXBuildFile; fileRef = DCB099C92FF854ED009122CE /* quran-img */; };
		DCC879EC3040F24A00BAC940 /* ScheherazadeNew-Medium.ttf in Resources */ = {isa = PBXBuildFile; fileRef = DCAD7F63302D0B3900069F6E /* ScheherazadeNew-Medium.ttf */; };
		DCED4B1130439F330034C4C0 /* AmiriQuran.ttf in Resources */ = {isa = PBXBuildFile; fileRef = DCAD7F5A302CF89000069F6E /* AmiriQuran.ttf */; };
		DCF6CEB8302907DB00A71E54 /* react.development.js in Resources */ = {isa = PBXBuildFile; fileRef = DCF6CEB5302907D900A71E54 /* react.development.js */; };
		DCF6CEB9302907DB00A71E54 /* babel.min.js in Resources */ = {isa = PBXBuildFile; fileRef = DCF6CEB6302907DA00A71E54 /* babel.min.js */; };
		DCF6CEBD30290D6700A71E54 /* SceneDelegate.swift in Sources */ = {isa = PBXBuildFile; fileRef = DC61BCE52FB90CE500179D2E /* SceneDelegate.swift */; };
		DCF94B0D3020FC0E0093910E /* adhan-younes.mp3 in Resources */ = {isa = PBXBuildFile; fileRef = DCF94B013020FC0D0093910E /* adhan-younes.mp3 */; };
		DCF94B0E3020FC0E0093910E /* adhan-kouchi.mp3 in Resources */ = {isa = PBXBuildFile; fileRef = DCF94B023020FC0E0093910E /* adhan-kouchi.mp3 */; };
		DCF94B0F3020FC0E0093910E /* adhan-mecca-notif.caf in Resources */ = {isa = PBXBuildFile; fileRef = DCF94B033020FC0E0093910E /* adhan-mecca-notif.caf */; };
		DCF94B103020FC0E0093910E /* adhan-kouchi-notif.caf in Resources */ = {isa = PBXBuildFile; fileRef = DCF94B043020FC0E0093910E /* adhan-kouchi-notif.caf */; };
		DCF94B113020FC0E0093910E /* adhan-karaca.mp3 in Resources */ = {isa = PBXBuildFile; fileRef = DCF94B053020FC0E0093910E /* adhan-karaca.mp3 */; };
		DCF94B123020FC0E0093910E /* adhan-kzabri.mp3 in Resources */ = {isa = PBXBuildFile; fileRef = DCF94B063020FC0E0093910E /* adhan-kzabri.mp3 */; };
		DCF94B133020FC0E0093910E /* adhan-hadioui-notif.caf in Resources */ = {isa = PBXBuildFile; fileRef = DCF94B073020FC0E0093910E /* adhan-hadioui-notif.caf */; };
		DCF94B143020FC0E0093910E /* adhan-kzabri-notif.caf in Resources */ = {isa = PBXBuildFile; fileRef = DCF94B083020FC0E0093910E /* adhan-kzabri-notif.caf */; };
		DCF94B153020FC0E0093910E /* adhan-karaca-notif.caf in Resources */ = {isa = PBXBuildFile; fileRef = DCF94B093020FC0E0093910E /* adhan-karaca-notif.caf */; };
		DCF94B163020FC0E0093910E /* adhan-mecca.mp3 in Resources */ = {isa = PBXBuildFile; fileRef = DCF94B0A3020FC0E0093910E /* adhan-mecca.mp3 */; };
		DCF94B173020FC0E0093910E /* adhan-hadioui.mp3 in Resources */ = {isa = PBXBuildFile; fileRef = DCF94B0B3020FC0E0093910E /* adhan-hadioui.mp3 */; };
		DCF94B183020FC0E0093910E /* adhan-younes-notif.caf in Resources */ = {isa = PBXBuildFile; fileRef = DCF94B0C3020FC0E0093910E /* adhan-younes-notif.caf */; };
/* End PBXBuildFile section */

/* Begin PBXContainerItemProxy section */
		DCAD7F51302BE2ED00069F6E /* PBXContainerItemProxy */ = {
			isa = PBXContainerItemProxy;
			containerPortal = DC61BCD82FB90CE400179D2E /* Project object */;
			proxyType = 1;
			remoteGlobalIDString = DCAD7F45302BE2E900069F6E;
			remoteInfo = ALAEWidget2Extension;
		};
/* End PBXContainerItemProxy section */

/* Begin PBXCopyFilesBuildPhase section */
		DCF94B3B30212ECA0093910E /* Embed Foundation Extensions */ = {
			isa = PBXCopyFilesBuildPhase;
			buildActionMask = 2147483647;
			dstPath = "";
			dstSubfolderSpec = 13;
			files = (
				DCAD7F53302BE2ED00069F6E /* ALAEWidget2Extension.appex in Embed Foundation Extensions */,
			);
			name = "Embed Foundation Extensions";
			runOnlyForDeploymentPostprocessing = 0;
		};
/* End PBXCopyFilesBuildPhase section */

/* Begin PBXFileReference section */
		DC101829302E7C7200C4F0AE /* Base */ = {isa = PBXFileReference; lastKnownFileType = file; name = Base; path = "Base.lproj/CormorantGaramond-Medium.woff"; sourceTree = "<group>"; };
		DC2C9F1B3038EBCA006CFAFF /* Misbaha-Standalone.html */ = {isa = PBXFileReference; fileEncoding = 4; lastKnownFileType = text.html; path = "Misbaha-Standalone.html"; sourceTree = "<group>"; };
		DC403D4D2FF9B59E00D408BE /* silence.caf */ = {isa = PBXFileReference; lastKnownFileType = file; path = silence.caf; sourceTree = "<group>"; };
		DC40D225302D28A50067FAE9 /* ALAEWidget2.swift */ = {isa = PBXFileReference; fileEncoding = 4; lastKnownFileType = sourcecode.swift; path = ALAEWidget2.swift; sourceTree = "<group>"; };
		DC61BCE02FB90CE500179D2E /* ALAE.app */ = {isa = PBXFileReference; explicitFileType = wrapper.application; includeInIndex = 0; path = ALAE.app; sourceTree = BUILT_PRODUCTS_DIR; };
		DC61BCE32FB90CE500179D2E /* AppDelegate.swift */ = {isa = PBXFileReference; lastKnownFileType = sourcecode.swift; path = AppDelegate.swift; sourceTree = "<group>"; };
		DC61BCE52FB90CE500179D2E /* SceneDelegate.swift */ = {isa = PBXFileReference; lastKnownFileType = sourcecode.swift; path = SceneDelegate.swift; sourceTree = "<group>"; };
		DC61BCEA2FB90CE500179D2E /* Base */ = {isa = PBXFileReference; lastKnownFileType = file.storyboard; name = Base; path = Base.lproj/Main.storyboard; sourceTree = "<group>"; };
		DC61BCEF2FB90CE700179D2E /* Base */ = {isa = PBXFileReference; lastKnownFileType = file.storyboard; name = Base; path = Base.lproj/LaunchScreen.storyboard; sourceTree = "<group>"; };
		DC6622DC303388EB00C01655 /* Amiri-Regular.ttf */ = {isa = PBXFileReference; lastKnownFileType = file; path = "Amiri-Regular.ttf"; sourceTree = "<group>"; };
		DC6622DE30338E9E00C01655 /* ArefRuqaa-Regular.ttf */ = {isa = PBXFileReference; lastKnownFileType = file; path = "ArefRuqaa-Regular.ttf"; sourceTree = "<group>"; };
		DC6622E03033A0B100C01655 /* CormorantGaramond-VariableFont_wght.ttf */ = {isa = PBXFileReference; lastKnownFileType = file; path = "CormorantGaramond-VariableFont_wght.ttf"; sourceTree = "<group>"; };
		DC6622E13033A0B100C01655 /* CormorantGaramond-Italic-VariableFont_wght.ttf */ = {isa = PBXFileReference; lastKnownFileType = file; path = "CormorantGaramond-Italic-VariableFont_wght.ttf"; sourceTree = "<group>"; };
		DC6622E43033A0CB00C01655 /* CormorantGaramond-Regular.ttf */ = {isa = PBXFileReference; lastKnownFileType = file; path = "CormorantGaramond-Regular.ttf"; sourceTree = "<group>"; };
		DC6622E63033A0DE00C01655 /* DMSerifDisplay-Regular.ttf */ = {isa = PBXFileReference; lastKnownFileType = file; path = "DMSerifDisplay-Regular.ttf"; sourceTree = "<group>"; };
		DC6622EA3033A16800C01655 /* ArefRuqaa-Bold.ttf */ = {isa = PBXFileReference; lastKnownFileType = file; path = "ArefRuqaa-Bold.ttf"; sourceTree = "<group>"; };
		DC760F6F2FD6141D00FC5D0A /* fonts */ = {isa = PBXFileReference; lastKnownFileType = folder; path = fonts; sourceTree = "<group>"; };
		DC7BFD30303A31C200411212 /* ViewController.swift */ = {isa = PBXFileReference; fileEncoding = 4; lastKnownFileType = sourcecode.swift; path = ViewController.swift; sourceTree = "<group>"; };
		DC7BFD34303B8D5900411212 /* assets */ = {isa = PBXFileReference; lastKnownFileType = folder; name = assets; path = ALAE/assets; sourceTree = "<group>"; };
		DC8DC28F2FE5372A002D9A13 /* Media.xcassets */ = {isa = PBXFileReference; lastKnownFileType = folder.assetcatalog; path = Media.xcassets; sourceTree = "<group>"; };
		DCACFC3A3030708700D430B1 /* CormorantGaramond-Medium.ttf */ = {isa = PBXFileReference; lastKnownFileType = file; path = "CormorantGaramond-Medium.ttf"; sourceTree = "<group>"; };
		DCAD7F46302BE2E900069F6E /* ALAEWidget2Extension.appex */ = {isa = PBXFileReference; explicitFileType = "wrapper.app-extension"; includeInIndex = 0; path = ALAEWidget2Extension.appex; sourceTree = BUILT_PRODUCTS_DIR; };
		DCAD7F4A302BE2E900069F6E /* ALAEWidget2Bundle.swift */ = {isa = PBXFileReference; lastKnownFileType = sourcecode.swift; path = ALAEWidget2Bundle.swift; sourceTree = "<group>"; };
		DCAD7F4E302BE2EC00069F6E /* Assets.xcassets */ = {isa = PBXFileReference; lastKnownFileType = folder.assetcatalog; path = Assets.xcassets; sourceTree = "<group>"; };
		DCAD7F50302BE2ED00069F6E /* Info.plist */ = {isa = PBXFileReference; lastKnownFileType = text.plist.xml; path = Info.plist; sourceTree = "<group>"; };
		DCAD7F5A302CF89000069F6E /* AmiriQuran.ttf */ = {isa = PBXFileReference; lastKnownFileType = file; name = AmiriQuran.ttf; path = fonts/AmiriQuran.ttf; sourceTree = "<group>"; };
		DCAD7F5C302CF8BB00069F6E /* ScheherazadeNew-Regular.ttf */ = {isa = PBXFileReference; lastKnownFileType = file; name = "ScheherazadeNew-Regular.ttf"; path = "fonts/ScheherazadeNew-Regular.ttf"; sourceTree = "<group>"; };
		DCAD7F5E302CF8EB00069F6E /* QPC-V4-Tajweed.ttf */ = {isa = PBXFileReference; lastKnownFileType = file; name = "QPC-V4-Tajweed.ttf"; path = "fonts/QPC-V4-Tajweed.ttf"; sourceTree = "<group>"; };
		DCAD7F62302D0ADE00069F6E /* QPC-V4-Tajweed.ttf */ = {isa = PBXFileReference; lastKnownFileType = file; name = "QPC-V4-Tajweed.ttf"; path = "fonts/QPC-V4-Tajweed.ttf"; sourceTree = "<group>"; };
		DCAD7F63302D0B3900069F6E /* ScheherazadeNew-Medium.ttf */ = {isa = PBXFileReference; lastKnownFileType = file; name = "ScheherazadeNew-Medium.ttf"; path = "fonts/ScheherazadeNew-Medium.ttf"; sourceTree = "<group>"; };
		DCAD7F65302D0BF900069F6E /* ReemKufi-Medium.ttf */ = {isa = PBXFileReference; lastKnownFileType = file; name = "ReemKufi-Medium.ttf"; path = "fonts/ReemKufi-Medium.ttf"; sourceTree = "<group>"; };
		DCAEDD3430320F22002284C8 /* QCF2047.ttf */ = {isa = PBXFileReference; lastKnownFileType = file; path = QCF2047.ttf; sourceTree = "<group>"; };
		DCAEDD36303239AA002284C8 /* Amiri-Bold.ttf */ = {isa = PBXFileReference; lastKnownFileType = file; path = "Amiri-Bold.ttf"; sourceTree = "<group>"; };
		DCB099C92FF854ED009122CE /* quran-img */ = {isa = PBXFileReference; lastKnownFileType = folder; path = "quran-img"; sourceTree = "<group>"; };
		DCE64361303104CF001B6AA6 /* ALAEWidget2Extension.entitlements */ = {isa = PBXFileReference; lastKnownFileType = text.plist.entitlements; path = ALAEWidget2Extension.entitlements; sourceTree = "<group>"; };
		DCF6CEB5302907D900A71E54 /* react.development.js */ = {isa = PBXFileReference; fileEncoding = 4; lastKnownFileType = sourcecode.javascript; path = react.development.js; sourceTree = "<group>"; };
		DCF6CEB6302907DA00A71E54 /* babel.min.js */ = {isa = PBXFileReference; fileEncoding = 4; lastKnownFileType = sourcecode.javascript; path = babel.min.js; sourceTree = "<group>"; };
		DCF6CEB7302907DB00A71E54 /* react-dom.development.js */ = {isa = PBXFileReference; fileEncoding = 4; lastKnownFileType = sourcecode.javascript; path = "react-dom.development.js"; sourceTree = "<group>"; };
		DCF94B013020FC0D0093910E /* adhan-younes.mp3 */ = {isa = PBXFileReference; lastKnownFileType = audio.mp3; path = "adhan-younes.mp3"; sourceTree = "<group>"; };
		DCF94B023020FC0E0093910E /* adhan-kouchi.mp3 */ = {isa = PBXFileReference; lastKnownFileType = audio.mp3; path = "adhan-kouchi.mp3"; sourceTree = "<group>"; };
		DCF94B033020FC0E0093910E /* adhan-mecca-notif.caf */ = {isa = PBXFileReference; lastKnownFileType = file; path = "adhan-mecca-notif.caf"; sourceTree = "<group>"; };
		DCF94B043020FC0E0093910E /* adhan-kouchi-notif.caf */ = {isa = PBXFileReference; lastKnownFileType = file; path = "adhan-kouchi-notif.caf"; sourceTree = "<group>"; };
		DCF94B053020FC0E0093910E /* adhan-karaca.mp3 */ = {isa = PBXFileReference; lastKnownFileType = audio.mp3; path = "adhan-karaca.mp3"; sourceTree = "<group>"; };
		DCF94B063020FC0E0093910E /* adhan-kzabri.mp3 */ = {isa = PBXFileReference; lastKnownFileType = audio.mp3; path = "adhan-kzabri.mp3"; sourceTree = "<group>"; };
		DCF94B073020FC0E0093910E /* adhan-hadioui-notif.caf */ = {isa = PBXFileReference; lastKnownFileType = file; path = "adhan-hadioui-notif.caf"; sourceTree = "<group>"; };
		DCF94B083020FC0E0093910E /* adhan-kzabri-notif.caf */ = {isa = PBXFileReference; lastKnownFileType = file; path = "adhan-kzabri-notif.caf"; sourceTree = "<group>"; };
		DCF94B093020FC0E0093910E /* adhan-karaca-notif.caf */ = {isa = PBXFileReference; lastKnownFileType = file; path = "adhan-karaca-notif.caf"; sourceTree = "<group>"; };
		DCF94B0A3020FC0E0093910E /* adhan-mecca.mp3 */ = {isa = PBXFileReference; lastKnownFileType = audio.mp3; path = "adhan-mecca.mp3"; sourceTree = "<group>"; };
		DCF94B0B3020FC0E0093910E /* adhan-hadioui.mp3 */ = {isa = PBXFileReference; lastKnownFileType = audio.mp3; path = "adhan-hadioui.mp3"; sourceTree = "<group>"; };
		DCF94B0C3020FC0E0093910E /* adhan-younes-notif.caf */ = {isa = PBXFileReference; lastKnownFileType = file; path = "adhan-younes-notif.caf"; sourceTree = "<group>"; };
		DCF94B2930212EC40093910E /* WidgetKit.framework */ = {isa = PBXFileReference; lastKnownFileType = wrapper.framework; name = WidgetKit.framework; path = System/Library/Frameworks/WidgetKit.framework; sourceTree = SDKROOT; };
		DCF94B2B30212EC40093910E /* SwiftUI.framework */ = {isa = PBXFileReference; lastKnownFileType = wrapper.framework; name = SwiftUI.framework; path = System/Library/Frameworks/SwiftUI.framework; sourceTree = SDKROOT; };
		DCF94B3C302136340093910E /* ALAE.entitlements */ = {isa = PBXFileReference; lastKnownFileType = text.plist.entitlements; path = ALAE.entitlements; sourceTree = "<group>"; };
		DCF94B3D302136D50093910E /* ALAEWidgetExtension.entitlements */ = {isa = PBXFileReference; lastKnownFileType = text.plist.entitlements; path = ALAEWidgetExtension.entitlements; sourceTree = "<group>"; };
/* End PBXFileReference section */

/* Begin PBXFrameworksBuildPhase section */
		DC61BCDD2FB90CE500179D2E /* Frameworks */ = {
			isa = PBXFrameworksBuildPhase;
			buildActionMask = 2147483647;
			files = (
			);
			runOnlyForDeploymentPostprocessing = 0;
		};
		DCAD7F43302BE2E900069F6E /* Frameworks */ = {
			isa = PBXFrameworksBuildPhase;
			buildActionMask = 2147483647;
			files = (
				DCAD7F48302BE2E900069F6E /* SwiftUI.framework in Frameworks */,
				DCAD7F47302BE2E900069F6E /* WidgetKit.framework in Frameworks */,
			);
			runOnlyForDeploymentPostprocessing = 0;
		};
/* End PBXFrameworksBuildPhase section */

/* Begin PBXGroup section */
		DC61BCD72FB90CE400179D2E = {
			isa = PBXGroup;
			children = (
				DC7BFD34303B8D5900411212 /* assets */,
				DC6622EA3033A16800C01655 /* ArefRuqaa-Bold.ttf */,
				DC6622E63033A0DE00C01655 /* DMSerifDisplay-Regular.ttf */,
				DC6622E43033A0CB00C01655 /* CormorantGaramond-Regular.ttf */,
				DC6622E13033A0B100C01655 /* CormorantGaramond-Italic-VariableFont_wght.ttf */,
				DC6622E03033A0B100C01655 /* CormorantGaramond-VariableFont_wght.ttf */,
				DC6622DE30338E9E00C01655 /* ArefRuqaa-Regular.ttf */,
				DC6622DC303388EB00C01655 /* Amiri-Regular.ttf */,
				DCAEDD36303239AA002284C8 /* Amiri-Bold.ttf */,
				DCE64361303104CF001B6AA6 /* ALAEWidget2Extension.entitlements */,
				DCACFC3A3030708700D430B1 /* CormorantGaramond-Medium.ttf */,
				DCAD7F65302D0BF900069F6E /* ReemKufi-Medium.ttf */,
				DC10182A302E7C7200C4F0AE /* CormorantGaramond-Medium.woff */,
				DCAD7F63302D0B3900069F6E /* ScheherazadeNew-Medium.ttf */,
				DCAD7F62302D0ADE00069F6E /* QPC-V4-Tajweed.ttf */,
				DCAD7F5E302CF8EB00069F6E /* QPC-V4-Tajweed.ttf */,
				DCAD7F5C302CF8BB00069F6E /* ScheherazadeNew-Regular.ttf */,
				DCAEDD3430320F22002284C8 /* QCF2047.ttf */,
				DCAD7F5A302CF89000069F6E /* AmiriQuran.ttf */,
				DCF94B3D302136D50093910E /* ALAEWidgetExtension.entitlements */,
				DC61BCE22FB90CE500179D2E /* ALAE */,
				DC760F6F2FD6141D00FC5D0A /* fonts */,
				DCAD7F49302BE2E900069F6E /* ALAEWidget2 */,
				DCF94B2830212EC40093910E /* Frameworks */,
				DC61BCE12FB90CE500179D2E /* Products */,
			);
			sourceTree = "<group>";
		};
		DC61BCE12FB90CE500179D2E /* Products */ = {
			isa = PBXGroup;
			children = (
				DC61BCE02FB90CE500179D2E /* ALAE.app */,
				DCAD7F46302BE2E900069F6E /* ALAEWidget2Extension.appex */,
			);
			name = Products;
			sourceTree = "<group>";
		};
		DC61BCE22FB90CE500179D2E /* ALAE */ = {
			isa = PBXGroup;
			children = (
				DC2C9F1B3038EBCA006CFAFF /* Misbaha-Standalone.html */,
				DCF6CEB6302907DA00A71E54 /* babel.min.js */,
				DCF6CEB7302907DB00A71E54 /* react-dom.development.js */,
				DCF6CEB5302907D900A71E54 /* react.development.js */,
				DCF94B3C302136340093910E /* ALAE.entitlements */,
				DCF94B073020FC0E0093910E /* adhan-hadioui-notif.caf */,
				DCF94B0B3020FC0E0093910E /* adhan-hadioui.mp3 */,
				DCF94B093020FC0E0093910E /* adhan-karaca-notif.caf */,
				DCF94B053020FC0E0093910E /* adhan-karaca.mp3 */,
				DCF94B043020FC0E0093910E /* adhan-kouchi-notif.caf */,
				DCF94B023020FC0E0093910E /* adhan-kouchi.mp3 */,
				DCF94B083020FC0E0093910E /* adhan-kzabri-notif.caf */,
				DCF94B063020FC0E0093910E /* adhan-kzabri.mp3 */,
				DCF94B033020FC0E0093910E /* adhan-mecca-notif.caf */,
				DCF94B0A3020FC0E0093910E /* adhan-mecca.mp3 */,
				DCF94B0C3020FC0E0093910E /* adhan-younes-notif.caf */,
				DCF94B013020FC0D0093910E /* adhan-younes.mp3 */,
				DCB099C92FF854ED009122CE /* quran-img */,
				DC403D4D2FF9B59E00D408BE /* silence.caf */,
				DC61BCE32FB90CE500179D2E /* AppDelegate.swift */,
				DC7BFD30303A31C200411212 /* ViewController.swift */,
				DC61BCE52FB90CE500179D2E /* SceneDelegate.swift */,
				DC8DC28F2FE5372A002D9A13 /* Media.xcassets */,
				DC61BCE92FB90CE500179D2E /* Main.storyboard */,
				DC61BCEE2FB90CE700179D2E /* LaunchScreen.storyboard */,
			);
			path = ALAE;
			sourceTree = "<group>";
		};
		DCAD7F49302BE2E900069F6E /* ALAEWidget2 */ = {
			isa = PBXGroup;
			children = (
				DCAD7F4A302BE2E900069F6E /* ALAEWidget2Bundle.swift */,
				DC40D225302D28A50067FAE9 /* ALAEWidget2.swift */,
				DCAD7F4E302BE2EC00069F6E /* Assets.xcassets */,
				DCAD7F50302BE2ED00069F6E /* Info.plist */,
			);
			path = ALAEWidget2;
			sourceTree = "<group>";
		};
		DCF94B2830212EC40093910E /* Frameworks */ = {
			isa = PBXGroup;
			children = (
				DCF94B2930212EC40093910E /* WidgetKit.framework */,
				DCF94B2B30212EC40093910E /* SwiftUI.framework */,
			);
			name = Frameworks;
			sourceTree = "<group>";
		};
/* End PBXGroup section */

/* Begin PBXNativeTarget section */
		DC61BCDF2FB90CE500179D2E /* ALAE */ = {
			isa = PBXNativeTarget;
			buildConfigurationList = DC61BCF42FB90CE700179D2E /* Build configuration list for PBXNativeTarget "ALAE" */;
			buildPhases = (
				DC61BCDC2FB90CE500179D2E /* Sources */,
				DC61BCDD2FB90CE500179D2E /* Frameworks */,
				DC61BCDE2FB90CE500179D2E /* Resources */,
				DCF94B3B30212ECA0093910E /* Embed Foundation Extensions */,
			);
			buildRules = (
			);
			dependencies = (
				DCAD7F52302BE2ED00069F6E /* PBXTargetDependency */,
			);
			name = ALAE;
			productName = ALAE;
			productReference = DC61BCE02FB90CE500179D2E /* ALAE.app */;
			productType = "com.apple.product-type.application";
		};
		DCAD7F45302BE2E900069F6E /* ALAEWidget2Extension */ = {
			isa = PBXNativeTarget;
			buildConfigurationList = DCAD7F54302BE2ED00069F6E /* Build configuration list for PBXNativeTarget "ALAEWidget2Extension" */;
			buildPhases = (
				DCAD7F42302BE2E900069F6E /* Sources */,
				DCAD7F43302BE2E900069F6E /* Frameworks */,
				DCAD7F44302BE2E900069F6E /* Resources */,
			);
			buildRules = (
			);
			dependencies = (
			);
			name = ALAEWidget2Extension;
			productName = ALAEWidget2Extension;
			productReference = DCAD7F46302BE2E900069F6E /* ALAEWidget2Extension.appex */;
			productType = "com.apple.product-type.app-extension";
		};
/* End PBXNativeTarget section */

/* Begin PBXProject section */
		DC61BCD82FB90CE400179D2E /* Project object */ = {
			isa = PBXProject;
			attributes = {
				BuildIndependentTargetsInParallel = 1;
				LastSwiftUpdateCheck = 1420;
				LastUpgradeCheck = 1420;
				TargetAttributes = {
					DC61BCDF2FB90CE500179D2E = {
						CreatedOnToolsVersion = 14.2;
					};
					DCAD7F45302BE2E900069F6E = {
						CreatedOnToolsVersion = 14.2;
					};
				};
			};
			buildConfigurationList = DC61BCDB2FB90CE400179D2E /* Build configuration list for PBXProject "ALAE" */;
			compatibilityVersion = "Xcode 14.0";
			developmentRegion = en;
			hasScannedForEncodings = 0;
			knownRegions = (
				en,
				Base,
			);
			mainGroup = DC61BCD72FB90CE400179D2E;
			productRefGroup = DC61BCE12FB90CE500179D2E /* Products */;
			projectDirPath = "";
			projectRoot = "";
			targets = (
				DC61BCDF2FB90CE500179D2E /* ALAE */,
				DCAD7F45302BE2E900069F6E /* ALAEWidget2Extension */,
			);
		};
/* End PBXProject section */

/* Begin PBXResourcesBuildPhase section */
		DC61BCDE2FB90CE500179D2E /* Resources */ = {
			isa = PBXResourcesBuildPhase;
			buildActionMask = 2147483647;
			files = (
				DC7BFD35303B8D5900411212 /* assets in Resources */,
				DC7BFD33303B7CB500411212 /* Assets.xcassets in Resources */,
				DC2C9F1C3038EBCA006CFAFF /* Misbaha-Standalone.html in Resources */,
				DCF94B143020FC0E0093910E /* adhan-kzabri-notif.caf in Resources */,
				DC403D552FF9B59F00D408BE /* silence.caf in Resources */,
				DCF94B0F3020FC0E0093910E /* adhan-mecca-notif.caf in Resources */,
				DCF94B0E3020FC0E0093910E /* adhan-kouchi.mp3 in Resources */,
				DCF94B183020FC0E0093910E /* adhan-younes-notif.caf in Resources */,
				DCF94B0D3020FC0E0093910E /* adhan-younes.mp3 in Resources */,
				DCF6CEB8302907DB00A71E54 /* react.development.js in Resources */,
				DC61BCF02FB90CE700179D2E /* LaunchScreen.storyboard in Resources */,
				DCF6CEB9302907DB00A71E54 /* babel.min.js in Resources */,
				DCF94B153020FC0E0093910E /* adhan-karaca-notif.caf in Resources */,
				DCB099CA2FF854F1009122CE /* quran-img in Resources */,
				DCF94B133020FC0E0093910E /* adhan-hadioui-notif.caf in Resources */,
				DCF94B173020FC0E0093910E /* adhan-hadioui.mp3 in Resources */,
				DC760F712FD6141E00FC5D0A /* fonts in Resources */,
				DCF94B163020FC0E0093910E /* adhan-mecca.mp3 in Resources */,
				DC61BCEB2FB90CE500179D2E /* Main.storyboard in Resources */,
				DCF94B113020FC0E0093910E /* adhan-karaca.mp3 in Resources */,
				DCF94B103020FC0E0093910E /* adhan-kouchi-notif.caf in Resources */,
				DCF94B123020FC0E0093910E /* adhan-kzabri.mp3 in Resources */,
			);
			runOnlyForDeploymentPostprocessing = 0;
		};
		DCAD7F44302BE2E900069F6E /* Resources */ = {
			isa = PBXResourcesBuildPhase;
			buildActionMask = 2147483647;
			files = (
				DCED4B1130439F330034C4C0 /* AmiriQuran.ttf in Resources */,
				DCC879EC3040F24A00BAC940 /* ScheherazadeNew-Medium.ttf in Resources */,
				DC6622E23033A0B100C01655 /* CormorantGaramond-VariableFont_wght.ttf in Resources */,
				DC6622DF30338E9E00C01655 /* ArefRuqaa-Regular.ttf in Resources */,
				DC6622DD303388EC00C01655 /* Amiri-Regular.ttf in Resources */,
				DCAEDD37303239AA002284C8 /* Amiri-Bold.ttf in Resources */,
				DC101826302E7C5500C4F0AE /* fonts in Resources */,
				DC6622EB3033A16800C01655 /* ArefRuqaa-Bold.ttf in Resources */,
				DC6622E73033A0DE00C01655 /* DMSerifDisplay-Regular.ttf in Resources */,
				DC2C9F1A3037B5FF006CFAFF /* ScheherazadeNew-Regular.ttf in Resources */,
				DCACFC3B3030708800D430B1 /* CormorantGaramond-Medium.ttf in Resources */,
				DC6622E33033A0B100C01655 /* CormorantGaramond-Italic-VariableFont_wght.ttf in Resources */,
				DC6622E53033A0CB00C01655 /* CormorantGaramond-Regular.ttf in Resources */,
				DCAD7F4F302BE2EC00069F6E /* Assets.xcassets in Resources */,
			);
			runOnlyForDeploymentPostprocessing = 0;
		};
/* End PBXResourcesBuildPhase section */

/* Begin PBXSourcesBuildPhase section */
		DC61BCDC2FB90CE500179D2E /* Sources */ = {
			isa = PBXSourcesBuildPhase;
			buildActionMask = 2147483647;
			files = (
				DC7BFD31303A31C200411212 /* ViewController.swift in Sources */,
				DC61BCE42FB90CE500179D2E /* AppDelegate.swift in Sources */,
				DCF6CEBD30290D6700A71E54 /* SceneDelegate.swift in Sources */,
			);
			runOnlyForDeploymentPostprocessing = 0;
		};
		DCAD7F42302BE2E900069F6E /* Sources */ = {
			isa = PBXSourcesBuildPhase;
			buildActionMask = 2147483647;
			files = (
				DCAD7F4B302BE2E900069F6E /* ALAEWidget2Bundle.swift in Sources */,
				DC40D227302D28C30067FAE9 /* ALAEWidget2.swift in Sources */,
			);
			runOnlyForDeploymentPostprocessing = 0;
		};
/* End PBXSourcesBuildPhase section */

/* Begin PBXTargetDependency section */
		DCAD7F52302BE2ED00069F6E /* PBXTargetDependency */ = {
			isa = PBXTargetDependency;
			target = DCAD7F45302BE2E900069F6E /* ALAEWidget2Extension */;
			targetProxy = DCAD7F51302BE2ED00069F6E /* PBXContainerItemProxy */;
		};
/* End PBXTargetDependency section */

/* Begin PBXVariantGroup section */
		DC10182A302E7C7200C4F0AE /* CormorantGaramond-Medium.woff */ = {
			isa = PBXVariantGroup;
			children = (
				DC101829302E7C7200C4F0AE /* Base */,
			);
			name = "CormorantGaramond-Medium.woff";
			path = fonts;
			sourceTree = "<group>";
		};
		DC61BCE92FB90CE500179D2E /* Main.storyboard */ = {
			isa = PBXVariantGroup;
			children = (
				DC61BCEA2FB90CE500179D2E /* Base */,
			);
			name = Main.storyboard;
			sourceTree = "<group>";
		};
		DC61BCEE2FB90CE700179D2E /* LaunchScreen.storyboard */ = {
			isa = PBXVariantGroup;
			children = (
				DC61BCEF2FB90CE700179D2E /* Base */,
			);
			name = LaunchScreen.storyboard;
			sourceTree = "<group>";
		};
/* End PBXVariantGroup section */

/* Begin XCBuildConfiguration section */
		DC61BCF22FB90CE700179D2E /* Debug */ = {
			isa = XCBuildConfiguration;
			buildSettings = {
				ALWAYS_SEARCH_USER_PATHS = NO;
				CLANG_ANALYZER_NONNULL = YES;
				CLANG_ANALYZER_NUMBER_OBJECT_CONVERSION = YES_AGGRESSIVE;
				CLANG_CXX_LANGUAGE_STANDARD = "gnu++20";
				CLANG_ENABLE_MODULES = YES;
				CLANG_ENABLE_OBJC_ARC = YES;
				CLANG_ENABLE_OBJC_WEAK = YES;
				CLANG_WARN_BLOCK_CAPTURE_AUTORELEASING = YES;
				CLANG_WARN_BOOL_CONVERSION = YES;
				CLANG_WARN_COMMA = YES;
				CLANG_WARN_CONSTANT_CONVERSION = YES;
				CLANG_WARN_DEPRECATED_OBJC_IMPLEMENTATIONS = YES;
				CLANG_WARN_DIRECT_OBJC_ISA_USAGE = YES_ERROR;
				CLANG_WARN_DOCUMENTATION_COMMENTS = YES;
				CLANG_WARN_EMPTY_BODY = YES;
				CLANG_WARN_ENUM_CONVERSION = YES;
				CLANG_WARN_INFINITE_RECURSION = YES;
				CLANG_WARN_INT_CONVERSION = YES;
				CLANG_WARN_NON_LITERAL_NULL_CONVERSION = YES;
				CLANG_WARN_OBJC_IMPLICIT_RETAIN_SELF = YES;
				CLANG_WARN_OBJC_LITERAL_CONVERSION = YES;
				CLANG_WARN_OBJC_ROOT_CLASS = YES_ERROR;
				CLANG_WARN_QUOTED_INCLUDE_IN_FRAMEWORK_HEADER = YES;
				CLANG_WARN_RANGE_LOOP_ANALYSIS = YES;
				CLANG_WARN_STRICT_PROTOTYPES = YES;
				CLANG_WARN_SUSPICIOUS_MOVE = YES;
				CLANG_WARN_UNGUARDED_AVAILABILITY = YES_AGGRESSIVE;
				CLANG_WARN_UNREACHABLE_CODE = YES;
				CLANG_WARN__DUPLICATE_METHOD_MATCH = YES;
				COPY_PHASE_STRIP = NO;
				DEBUG_INFORMATION_FORMAT = dwarf;
				ENABLE_STRICT_OBJC_MSGSEND = YES;
				ENABLE_TESTABILITY = YES;
				GCC_C_LANGUAGE_STANDARD = gnu11;
				GCC_DYNAMIC_NO_PIC = NO;
				GCC_NO_COMMON_BLOCKS = YES;
				GCC_OPTIMIZATION_LEVEL = 0;
				GCC_PREPROCESSOR_DEFINITIONS = (
					"DEBUG=1",
					"$(inherited)",
				);
				GCC_WARN_64_TO_32_BIT_CONVERSION = YES;
				GCC_WARN_ABOUT_RETURN_TYPE = YES_ERROR;
				GCC_WARN_UNDECLARED_SELECTOR = YES;
				GCC_WARN_UNINITIALIZED_AUTOS = YES_AGGRESSIVE;
				GCC_WARN_UNUSED_FUNCTION = YES;
				GCC_WARN_UNUSED_VARIABLE = YES;
				IPHONEOS_DEPLOYMENT_TARGET = 16.2;
				MTL_ENABLE_DEBUG_INFO = INCLUDE_SOURCE;
				MTL_FAST_MATH = YES;
				ONLY_ACTIVE_ARCH = YES;
				SDKROOT = iphoneos;
				SWIFT_ACTIVE_COMPILATION_CONDITIONS = DEBUG;
				SWIFT_OPTIMIZATION_LEVEL = "-Onone";
			};
			name = Debug;
		};
		DC61BCF32FB90CE700179D2E /* Release */ = {
			isa = XCBuildConfiguration;
			buildSettings = {
				ALWAYS_SEARCH_USER_PATHS = NO;
				CLANG_ANALYZER_NONNULL = YES;
				CLANG_ANALYZER_NUMBER_OBJECT_CONVERSION = YES_AGGRESSIVE;
				CLANG_CXX_LANGUAGE_STANDARD = "gnu++20";
				CLANG_ENABLE_MODULES = YES;
				CLANG_ENABLE_OBJC_ARC = YES;
				CLANG_ENABLE_OBJC_WEAK = YES;
				CLANG_WARN_BLOCK_CAPTURE_AUTORELEASING = YES;
				CLANG_WARN_BOOL_CONVERSION = YES;
				CLANG_WARN_COMMA = YES;
				CLANG_WARN_CONSTANT_CONVERSION = YES;
				CLANG_WARN_DEPRECATED_OBJC_IMPLEMENTATIONS = YES;
				CLANG_WARN_DIRECT_OBJC_ISA_USAGE = YES_ERROR;
				CLANG_WARN_DOCUMENTATION_COMMENTS = YES;
				CLANG_WARN_EMPTY_BODY = YES;
				CLANG_WARN_ENUM_CONVERSION = YES;
				CLANG_WARN_INFINITE_RECURSION = YES;
				CLANG_WARN_INT_CONVERSION = YES;
				CLANG_WARN_NON_LITERAL_NULL_CONVERSION = YES;
				CLANG_WARN_OBJC_IMPLICIT_RETAIN_SELF = YES;
				CLANG_WARN_OBJC_LITERAL_CONVERSION = YES;
				CLANG_WARN_OBJC_ROOT_CLASS = YES_ERROR;
				CLANG_WARN_QUOTED_INCLUDE_IN_FRAMEWORK_HEADER = YES;
				CLANG_WARN_RANGE_LOOP_ANALYSIS = YES;
				CLANG_WARN_STRICT_PROTOTYPES = YES;
				CLANG_WARN_SUSPICIOUS_MOVE = YES;
				CLANG_WARN_UNGUARDED_AVAILABILITY = YES_AGGRESSIVE;
				CLANG_WARN_UNREACHABLE_CODE = YES;
				CLANG_WARN__DUPLICATE_METHOD_MATCH = YES;
				COPY_PHASE_STRIP = NO;
				DEBUG_INFORMATION_FORMAT = "dwarf-with-dsym";
				ENABLE_NS_ASSERTIONS = NO;
				ENABLE_STRICT_OBJC_MSGSEND = YES;
				GCC_C_LANGUAGE_STANDARD = gnu11;
				GCC_NO_COMMON_BLOCKS = YES;
				GCC_WARN_64_TO_32_BIT_CONVERSION = YES;
				GCC_WARN_ABOUT_RETURN_TYPE = YES_ERROR;
				GCC_WARN_UNDECLARED_SELECTOR = YES;
				GCC_WARN_UNINITIALIZED_AUTOS = YES_AGGRESSIVE;
				GCC_WARN_UNUSED_FUNCTION = YES;
				GCC_WARN_UNUSED_VARIABLE = YES;
				IPHONEOS_DEPLOYMENT_TARGET = 16.2;
				MTL_ENABLE_DEBUG_INFO = NO;
				MTL_FAST_MATH = YES;
				SDKROOT = iphoneos;
				SWIFT_COMPILATION_MODE = wholemodule;
				SWIFT_OPTIMIZATION_LEVEL = "-O";
				VALIDATE_PRODUCT = YES;
			};
			name = Release;
		};
		DC61BCF52FB90CE700179D2E /* Debug */ = {
			isa = XCBuildConfiguration;
			buildSettings = {
				ALWAYS_EMBED_SWIFT_STANDARD_LIBRARIES = YES;
				ASSETCATALOG_COMPILER_APPICON_NAME = AppIcon;
				ASSETCATALOG_COMPILER_GLOBAL_ACCENT_COLOR_NAME = AccentColor;
				ASSETCATALOG_COMPILER_INCLUDE_ALL_APPICON_ASSETS = YES;
				CODE_SIGN_ENTITLEMENTS = ALAE/ALAE.entitlements;
				CODE_SIGN_STYLE = Automatic;
				CURRENT_PROJECT_VERSION = 85;
				DEVELOPMENT_TEAM = NUD4HZ572C;
				GENERATE_INFOPLIST_FILE = YES;
				INFOPLIST_FILE = ALAE/Info.plist;
				INFOPLIST_KEY_CFBundleDisplayName = Alae;
				INFOPLIST_KEY_LSApplicationCategoryType = "";
				INFOPLIST_KEY_NSHumanReadableCopyright = "";
				INFOPLIST_KEY_NSLocationWhenInUseUsageDescription = "Pour afficher les horaires de prière exacts et la direction de la Qibla selon votre position.\nPour afficher les horaires de prière exacts et la direction de la Qibla selon votre position.";
				INFOPLIST_KEY_NSMotionUsageDescription = "Pour vous orienter vers la Qibla grâce à la boussole de votre iPhone.";
				INFOPLIST_KEY_UIApplicationSupportsIndirectInputEvents = YES;
				INFOPLIST_KEY_UILaunchStoryboardName = LaunchScreen.storyboard;
				INFOPLIST_KEY_UIMainStoryboardFile = Main;
				INFOPLIST_KEY_UISupportedInterfaceOrientations = UIInterfaceOrientationPortrait;
				IPHONEOS_DEPLOYMENT_TARGET = 16.1;
				LD_RUNPATH_SEARCH_PATHS = (
					"$(inherited)",
					"@executable_path/Frameworks",
				);
				MARKETING_VERSION = 1.0.8;
				PRODUCT_BUNDLE_IDENTIFIER = com.alae.misbaha.ALAE;
				PRODUCT_NAME = "$(TARGET_NAME)";
				SWIFT_EMIT_LOC_STRINGS = YES;
				SWIFT_VERSION = 5.0;
				TARGETED_DEVICE_FAMILY = "1,2";
			};
			name = Debug;
		};
		DC61BCF62FB90CE700179D2E /* Release */ = {
			isa = XCBuildConfiguration;
			buildSettings = {
				ALWAYS_EMBED_SWIFT_STANDARD_LIBRARIES = YES;
				ASSETCATALOG_COMPILER_APPICON_NAME = AppIcon;
				ASSETCATALOG_COMPILER_GLOBAL_ACCENT_COLOR_NAME = AccentColor;
				ASSETCATALOG_COMPILER_INCLUDE_ALL_APPICON_ASSETS = YES;
				CODE_SIGN_ENTITLEMENTS = ALAE/ALAE.entitlements;
				CODE_SIGN_STYLE = Automatic;
				CURRENT_PROJECT_VERSION = 85;
				DEVELOPMENT_TEAM = NUD4HZ572C;
				GENERATE_INFOPLIST_FILE = YES;
				INFOPLIST_FILE = ALAE/Info.plist;
				INFOPLIST_KEY_CFBundleDisplayName = Alae;
				INFOPLIST_KEY_LSApplicationCategoryType = "";
				INFOPLIST_KEY_NSHumanReadableCopyright = "";
				INFOPLIST_KEY_NSLocationWhenInUseUsageDescription = "Pour afficher les horaires de prière exacts et la direction de la Qibla selon votre position.\nPour afficher les horaires de prière exacts et la direction de la Qibla selon votre position.";
				INFOPLIST_KEY_NSMotionUsageDescription = "Pour vous orienter vers la Qibla grâce à la boussole de votre iPhone.";
				INFOPLIST_KEY_UIApplicationSupportsIndirectInputEvents = YES;
				INFOPLIST_KEY_UILaunchStoryboardName = LaunchScreen.storyboard;
				INFOPLIST_KEY_UIMainStoryboardFile = Main;
				INFOPLIST_KEY_UISupportedInterfaceOrientations = UIInterfaceOrientationPortrait;
				IPHONEOS_DEPLOYMENT_TARGET = 16.1;
				LD_RUNPATH_SEARCH_PATHS = (
					"$(inherited)",
					"@executable_path/Frameworks",
				);
				MARKETING_VERSION = 1.0.8;
				PRODUCT_BUNDLE_IDENTIFIER = com.alae.misbaha.ALAE;
				PRODUCT_NAME = "$(TARGET_NAME)";
				SWIFT_EMIT_LOC_STRINGS = YES;
				SWIFT_VERSION = 5.0;
				TARGETED_DEVICE_FAMILY = "1,2";
			};
			name = Release;
		};
		DCAD7F55302BE2ED00069F6E /* Debug */ = {
			isa = XCBuildConfiguration;
			buildSettings = {
				ASSETCATALOG_COMPILER_GLOBAL_ACCENT_COLOR_NAME = AccentColor;
				ASSETCATALOG_COMPILER_WIDGET_BACKGROUND_COLOR_NAME = WidgetBackground;
				CODE_SIGN_ENTITLEMENTS = ALAEWidget2Extension.entitlements;
				CODE_SIGN_STYLE = Automatic;
				CURRENT_PROJECT_VERSION = 84;
				DEVELOPMENT_TEAM = NUD4HZ572C;
				GENERATE_INFOPLIST_FILE = YES;
				INFOPLIST_FILE = ALAEWidget2/Info.plist;
				INFOPLIST_KEY_CFBundleDisplayName = ALAEWidget2;
				INFOPLIST_KEY_NSHumanReadableCopyright = "";
				LD_RUNPATH_SEARCH_PATHS = (
					"$(inherited)",
					"@executable_path/Frameworks",
					"@executable_path/../../Frameworks",
				);
				MARKETING_VERSION = 1.0.7;
				PRODUCT_BUNDLE_IDENTIFIER = com.alae.misbaha.ALAE.ALAEWidget2;
				PRODUCT_NAME = "$(TARGET_NAME)";
				SKIP_INSTALL = YES;
				SWIFT_EMIT_LOC_STRINGS = YES;
				SWIFT_VERSION = 5.0;
				TARGETED_DEVICE_FAMILY = "1,2";
			};
			name = Debug;
		};
		DCAD7F56302BE2ED00069F6E /* Release */ = {
			isa = XCBuildConfiguration;
			buildSettings = {
				ASSETCATALOG_COMPILER_GLOBAL_ACCENT_COLOR_NAME = AccentColor;
				ASSETCATALOG_COMPILER_WIDGET_BACKGROUND_COLOR_NAME = WidgetBackground;
				CODE_SIGN_ENTITLEMENTS = ALAEWidget2Extension.entitlements;
				CODE_SIGN_STYLE = Automatic;
				CURRENT_PROJECT_VERSION = 84;
				DEVELOPMENT_TEAM = NUD4HZ572C;
				GENERATE_INFOPLIST_FILE = YES;
				INFOPLIST_FILE = ALAEWidget2/Info.plist;
				INFOPLIST_KEY_CFBundleDisplayName = ALAEWidget2;
				INFOPLIST_KEY_NSHumanReadableCopyright = "";
				LD_RUNPATH_SEARCH_PATHS = (
					"$(inherited)",
					"@executable_path/Frameworks",
					"@executable_path/../../Frameworks",
				);
				MARKETING_VERSION = 1.0.7;
				PRODUCT_BUNDLE_IDENTIFIER = com.alae.misbaha.ALAE.ALAEWidget2;
				PRODUCT_NAME = "$(TARGET_NAME)";
				SKIP_INSTALL = YES;
				SWIFT_EMIT_LOC_STRINGS = YES;
				SWIFT_VERSION = 5.0;
				TARGETED_DEVICE_FAMILY = "1,2";
			};
			name = Release;
		};
/* End XCBuildConfiguration section */

/* Begin XCConfigurationList section */
		DC61BCDB2FB90CE400179D2E /* Build configuration list for PBXProject "ALAE" */ = {
			isa = XCConfigurationList;
			buildConfigurations = (
				DC61BCF22FB90CE700179D2E /* Debug */,
				DC61BCF32FB90CE700179D2E /* Release */,
			);
			defaultConfigurationIsVisible = 0;
			defaultConfigurationName = Release;
		};
		DC61BCF42FB90CE700179D2E /* Build configuration list for PBXNativeTarget "ALAE" */ = {
			isa = XCConfigurationList;
			buildConfigurations = (
				DC61BCF52FB90CE700179D2E /* Debug */,
				DC61BCF62FB90CE700179D2E /* Release */,
			);
			defaultConfigurationIsVisible = 0;
			defaultConfigurationName = Release;
		};
		DCAD7F54302BE2ED00069F6E /* Build configuration list for PBXNativeTarget "ALAEWidget2Extension" */ = {
			isa = XCConfigurationList;
			buildConfigurations = (
				DCAD7F55302BE2ED00069F6E /* Debug */,
				DCAD7F56302BE2ED00069F6E /* Release */,
			);
			defaultConfigurationIsVisible = 0;
			defaultConfigurationName = Release;
		};
/* End XCConfigurationList section */
	};
	rootObject = DC61BCD82FB90CE400179D2E /* Project object */;
}
